
Microsoft Visual Studio Solution File, Format Version 12.00
# Visual Studio Version 17
VisualStudioVersion = 17.0.31912.275
MinimumVisualStudioVersion = 10.0.40219.1
Project("{9A19103F-16F7-4668-BE54-9A1E7A4F7556}") = "CIS.Cryptography", "CIS.Cryptography\CIS.Cryptography.csproj", "{886ECD9B-D1DF-4076-B236-8991BA8F679F}"
EndProject
Project("{2150E333-8FDC-42A3-9474-1A3956D46DE8}") = "Solution Items", "Solution Items", "{D779DE9C-2092-46A7-B237-B0D26F9A6701}"
	ProjectSection(SolutionItems) = preProject
		.editorconfig = .editorconfig
		..\README.md = ..\README.md
	EndProjectSection
EndProject
Project("{2150E333-8FDC-42A3-9474-1A3956D46DE8}") = "WorkFlow", "WorkFlow", "{72AF985B-AEA8-4D64-9987-62D42E4530FC}"
	ProjectSection(SolutionItems) = preProject
		..\.github\workflows\publish-to-nuget.yml = ..\.github\workflows\publish-to-nuget.yml
	EndProjectSection
EndProject
Global
	GlobalSection(SolutionConfigurationPlatforms) = preSolution
		Debug|Any CPU = Debug|Any CPU
		Release|Any CPU = Release|Any CPU
	EndGlobalSection
	GlobalSection(ProjectConfigurationPlatforms) = postSolution
		{886ECD9B-D1DF-4076-B236-8991BA8F679F}.Debug|Any CPU.ActiveCfg = Debug|Any CPU
		{886ECD9B-D1DF-4076-B236-8991BA8F679F}.Debug|Any CPU.Build.0 = Debug|Any CPU
		{886ECD9B-D1DF-4076-B236-8991BA8F679F}.Release|Any CPU.ActiveCfg = Release|Any CPU
		{886ECD9B-D1DF-4076-B236-8991BA8F679F}.Release|Any CPU.Build.0 = Release|Any CPU
	EndGlobalSection
	GlobalSection(SolutionProperties) = preSolution
		HideSolutionNode = FALSE
	EndGlobalSection
	GlobalSection(ExtensibilityGlobals) = postSolution
		SolutionGuid = {3950DD22-C72C-416D-B278-29F722470263}
	EndGlobalSection
EndGlobal
